{
  "name": "python-runtime-info",
  "version": "0.0.0",
  "lockfileVersion": 1,
  "requires": true,
  "dependencies": {
    "sb-react-table": {
      "version": "1.0.2",
      "resolved": "https://registry.npmjs.org/sb-react-table/-/sb-react-table-1.0.2.tgz",
      "integrity": "sha512-u90ZvtCdsqIOWs8gJoNLYUY7mhnCBV5Li+Z4uyWWJKZ6glP3BuKyfy8YbIaW33gdp3ZhCzmWiLGRvogTmeL0qQ=="
    },
    "vue": {
      "version": "2.5.13",
      "resolved": "https://registry.npmjs.org/vue/-/vue-2.5.13.tgz",
      "integrity": "sha512-3D+lY7HTkKbtswDM4BBHgqyq+qo8IAEE8lz8va1dz3LLmttjgo0FxairO4r1iN2OBqk8o1FyL4hvzzTFEdQSEw=="
    }
  }
}
